{
    "_readme": [
        "This file locks the dependencies of your project to a known state",
        "Read more about it at https://getcomposer.org/doc/01-basic-usage.md#composer-lock-the-lock-file",
        "This file is @generated automatically"
    ],
    "content-hash": "f22a6828112a5fa84a9c2cbddff762a0",
    "packages": [
        {
            "name": "smarty/smarty",
            "version": "v3.1.19",
            "source": {
                "type": "git",
                "url": "https://github.com/smarty-php/smarty.git",
                "reference": "be0fd3186ceec57e4da9a44031f517c06ae2418a"
            },
            "dist": {
                "type": "zip",
                "url": "https://api.github.com/repos/smarty-php/smarty/zipball/be0fd3186ceec57e4da9a44031f517c06ae2418a",
                "reference": "be0fd3186ceec57e4da9a44031f517c06ae2418a",
                "shasum": ""
            },
            "require": {
                "php": ">=5.2"
            },
            "type": "library",
            "extra": {
                "branch-alias": {
                    "dev-master": "3.1.x-dev"
                }
            },
            "autoload": {
                "classmap": [
                    "libs/Smarty.class.php",
                    "libs/SmartyBC.class.php",
                    "libs/sysplugins/smarty_security.php"
                ]
            },
            "notification-url": "https://packagist.org/downloads/",
            "license": [
                "LGPL-3.0"
            ],
            "authors": [
                {
                    "name": "Monte Ohrt",
                    "email": "monte@ohrt.com"
                },
                {
                    "name": "Uwe Tews",
                    "email": "uwe.tews@googlemail.com"
                },
                {
                    "name": "Rodney Rehm",
                    "email": "rodney.rehm@medialize.de"
                }
            ],
            "description": "Smarty - the compiling PHP template engine",
            "homepage": "http://www.smarty.net",
            "keywords": [
                "templating"
            ],
            "time": "2014-10-31T01:29:14+00:00"
        },
        {
            "name": "weijianghu/phpqrcode",
            "version": "v1.0.0",
            "source": {
                "type": "git",
                "url": "https://github.com/weijianghu/PHPQRCode.git",
                "reference": "49310f413d6ed11a48503a1db44c93e843341150"
            },
            "dist": {
                "type": "zip",
                "url": "https://api.github.com/repos/weijianghu/PHPQRCode/zipball/49310f413d6ed11a48503a1db44c93e843341150",
                "reference": "49310f413d6ed11a48503a1db44c93e843341150",
                "shasum": ""
            },
            "require": {
                "php": ">=5.3.0"
            },
            "type": "library",
            "autoload": {
                "psr-0": {
                    "PHPQRCode": "lib/"
                }
            },
            "notification-url": "https://packagist.org/downloads/",
            "license": [
                "MIT"
            ],
            "authors": [
                {
                    "name": "weijianghu",
                    "email": "76112703@qq.com"
                }
            ],
            "description": "PHPQRCode porting and changed for PHP 5.3 compatibility",
            "homepage": "https://github.com/weijianghu/PHPQRCode",
            "keywords": [
                "barcode",
                "php",
                "qrcode"
            ],
            "time": "2017-03-03T09:17:22+00:00"
        }
    ],
    "packages-dev": [],
    "aliases": [],
    "minimum-stability": "dev",
    "stability-flags": [],
    "prefer-stable": false,
    "prefer-lowest": false,
    "platform": [],
    "platform-dev": []
}
